
Microsoft Visual Studio Solution File, Format Version 12.00
# Visual Studio Version 17
VisualStudioVersion = 17.10.35201.131
MinimumVisualStudioVersion = 10.0.40219.1
Project("{FAE04EC0-301F-11D3-BF4B-00C04F79EFBC}") = "BasketballTournament", "BasketballTournament\BasketballTournament.csproj", "{A53C2991-E3BA-45EA-BF7F-A9B92D3F9C94}"
EndProject
Global
	GlobalSection(SolutionConfigurationPlatforms) = preSolution
		Debug|Any CPU = Debug|Any CPU
		Release|Any CPU = Release|Any CPU
	EndGlobalSection
	GlobalSection(ProjectConfigurationPlatforms) = postSolution
		{A53C2991-E3BA-45EA-BF7F-A9B92D3F9C94}.Debug|Any CPU.ActiveCfg = Debug|Any CPU
		{A53C2991-E3BA-45EA-BF7F-A9B92D3F9C94}.Debug|Any CPU.Build.0 = Debug|Any CPU
		{A53C2991-E3BA-45EA-BF7F-A9B92D3F9C94}.Release|Any CPU.ActiveCfg = Release|Any CPU
		{A53C2991-E3BA-45EA-BF7F-A9B92D3F9C94}.Release|Any CPU.Build.0 = Release|Any CPU
	EndGlobalSection
	GlobalSection(SolutionProperties) = preSolution
		HideSolutionNode = FALSE
	EndGlobalSection
	GlobalSection(ExtensibilityGlobals) = postSolution
		SolutionGuid = {7D1A66B6-682A-4B5C-96C1-6EA0AD5A9022}
	EndGlobalSection
EndGlobal
